// !$*UTF8*$!
{
	archiveVersion = 1;
	classes = {
	};
	objectVersion = 56;
	objects = {

/* Begin PBXBuildFile section */
		4E0B841F2A55ED68000B8A06 /* NotificationHandler.swift in Sources */ = {isa = PBXBuildFile; fileRef = 4E0B841E2A55ED68000B8A06 /* NotificationHandler.swift */; };
		4E25488B2A17AEC3008F7E9B /* TodoListApp.swift in Sources */ = {isa = PBXBuildFile; fileRef = 4E25488A2A17AEC3008F7E9B /* TodoListApp.swift */; };
		4E25488D2A17AEC3008F7E9B /* MainView.swift in Sources */ = {isa = PBXBuildFile; fileRef = 4E25488C2A17AEC3008F7E9B /* MainView.swift */; };
		4E25488F2A17AEC4008F7E9B /* Assets.xcassets in Resources */ = {isa = PBXBuildFile; fileRef = 4E25488E2A17AEC4008F7E9B /* Assets.xcassets */; };
		4E2548922A17AEC4008F7E9B /* Preview Assets.xcassets in Resources */ = {isa = PBXBuildFile; fileRef = 4E2548912A17AEC4008F7E9B /* Preview Assets.xcassets */; };
		4E2548992A17B145008F7E9B /* GoogleService-Info.plist in Resources */ = {isa = PBXBuildFile; fileRef = 4E2548982A17B145008F7E9B /* GoogleService-Info.plist */; };
		4E25489C2A17B30B008F7E9B /* FirebaseAuth in Frameworks */ = {isa = PBXBuildFile; productRef = 4E25489B2A17B30B008F7E9B /* FirebaseAuth */; };
		4E25489E2A17B30B008F7E9B /* FirebaseFirestore in Frameworks */ = {isa = PBXBuildFile; productRef = 4E25489D2A17B30B008F7E9B /* FirebaseFirestore */; };
		4E2548A02A17B30B008F7E9B /* FirebaseFirestoreSwift in Frameworks */ = {isa = PBXBuildFile; productRef = 4E25489F2A17B30B008F7E9B /* FirebaseFirestoreSwift */; };
		4E2548A62A17B73C008F7E9B /* ProfileView.swift in Sources */ = {isa = PBXBuildFile; fileRef = 4E2548A52A17B73C008F7E9B /* ProfileView.swift */; };
		4E2548A82A17B764008F7E9B /* ToDoListView.swift in Sources */ = {isa = PBXBuildFile; fileRef = 4E2548A72A17B764008F7E9B /* ToDoListView.swift */; };
		4E2548AA2A17B8A9008F7E9B /* NewItemView.swift in Sources */ = {isa = PBXBuildFile; fileRef = 4E2548A92A17B8A9008F7E9B /* NewItemView.swift */; };
		4E2548AC2A17B8B6008F7E9B /* LoginView.swift in Sources */ = {isa = PBXBuildFile; fileRef = 4E2548AB2A17B8B6008F7E9B /* LoginView.swift */; };
		4E2548AE2A17B8CC008F7E9B /* RegisterView.swift in Sources */ = {isa = PBXBuildFile; fileRef = 4E2548AD2A17B8CC008F7E9B /* RegisterView.swift */; };
		4E2548B02A17B909008F7E9B /* ToDoListItemView.swift in Sources */ = {isa = PBXBuildFile; fileRef = 4E2548AF2A17B909008F7E9B /* ToDoListItemView.swift */; };
		4E2548B22A17B954008F7E9B /* User.swift in Sources */ = {isa = PBXBuildFile; fileRef = 4E2548B12A17B954008F7E9B /* User.swift */; };
		4E2548B42A17B960008F7E9B /* ToDoListItem.swift in Sources */ = {isa = PBXBuildFile; fileRef = 4E2548B32A17B960008F7E9B /* ToDoListItem.swift */; };
		4E2548B62A17BA74008F7E9B /* MainViewViewModel.swift in Sources */ = {isa = PBXBuildFile; fileRef = 4E2548B52A17BA74008F7E9B /* MainViewViewModel.swift */; };
		4E2548B82A17BA8E008F7E9B /* ProfileViewViewModel.swift in Sources */ = {isa = PBXBuildFile; fileRef = 4E2548B72A17BA8E008F7E9B /* ProfileViewViewModel.swift */; };
		4E2548BA2A17BAB0008F7E9B /* ToDoListViewViewModel.swift in Sources */ = {isa = PBXBuildFile; fileRef = 4E2548B92A17BAB0008F7E9B /* ToDoListViewViewModel.swift */; };
		4E2548BC2A17BACA008F7E9B /* NewItemViewViewModel.swift in Sources */ = {isa = PBXBuildFile; fileRef = 4E2548BB2A17BACA008F7E9B /* NewItemViewViewModel.swift */; };
		4E2548BE2A17BADC008F7E9B /* LoginViewViewModel.swift in Sources */ = {isa = PBXBuildFile; fileRef = 4E2548BD2A17BADC008F7E9B /* LoginViewViewModel.swift */; };
		4E2548C02A17BAEA008F7E9B /* RegisterViewViewModel.swift in Sources */ = {isa = PBXBuildFile; fileRef = 4E2548BF2A17BAEA008F7E9B /* RegisterViewViewModel.swift */; };
		4E2548C22A17BB0C008F7E9B /* ToDoListItemViewViewModel.swift in Sources */ = {isa = PBXBuildFile; fileRef = 4E2548C12A17BB0C008F7E9B /* ToDoListItemViewViewModel.swift */; };
		4E2CB1B42ABF29DE00C66700 /* WidgetKit.framework in Frameworks */ = {isa = PBXBuildFile; fileRef = 4E2CB1B32ABF29DE00C66700 /* WidgetKit.framework */; };
		4E2CB1B52ABF29DE00C66700 /* SwiftUI.framework in Frameworks */ = {isa = PBXBuildFile; fileRef = 4E2323B72A1EC02C009B1833 /* SwiftUI.framework */; };
		4E2CB1B82ABF29DE00C66700 /* TooDoWidgetsBundle.swift in Sources */ = {isa = PBXBuildFile; fileRef = 4E2CB1B72ABF29DE00C66700 /* TooDoWidgetsBundle.swift */; };
		4E2CB1BA2ABF29DE00C66700 /* TooDoWidgetsLiveActivity.swift in Sources */ = {isa = PBXBuildFile; fileRef = 4E2CB1B92ABF29DE00C66700 /* TooDoWidgetsLiveActivity.swift */; };
		4E2CB1BC2ABF29DE00C66700 /* TooDoWidgets.swift in Sources */ = {isa = PBXBuildFile; fileRef = 4E2CB1BB2ABF29DE00C66700 /* TooDoWidgets.swift */; };
		4E2CB1BE2ABF29DF00C66700 /* Assets.xcassets in Resources */ = {isa = PBXBuildFile; fileRef = 4E2CB1BD2ABF29DF00C66700 /* Assets.xcassets */; };
		4E2CB1C22ABF29DF00C66700 /* TooDoWidgetsExtension.appex in Embed Foundation Extensions */ = {isa = PBXBuildFile; fileRef = 4E2CB1B22ABF29DE00C66700 /* TooDoWidgetsExtension.appex */; settings = {ATTRIBUTES = (RemoveHeadersOnCopy, ); }; };
		4E2CB1CA2ABF2CFE00C66700 /* TimerViewModel.swift in Sources */ = {isa = PBXBuildFile; fileRef = 4E2CB1C92ABF2CFE00C66700 /* TimerViewModel.swift */; };
		4E2CB1CB2ABF2DA700C66700 /* TooDoWidgetsLiveActivity.swift in Sources */ = {isa = PBXBuildFile; fileRef = 4E2CB1B92ABF29DE00C66700 /* TooDoWidgetsLiveActivity.swift */; };
		4E2ED9FE2AB0EDEA0076B174 /* TimerView.swift in Sources */ = {isa = PBXBuildFile; fileRef = 4E2ED9FD2AB0EDEA0076B174 /* TimerView.swift */; };
		4E31CC252A5CA9A00071DB15 /* TermsView.swift in Sources */ = {isa = PBXBuildFile; fileRef = 4E31CC242A5CA9A00071DB15 /* TermsView.swift */; };
		4E362E412A182E320018FEE2 /* Extensions.swift in Sources */ = {isa = PBXBuildFile; fileRef = 4E362E402A182E320018FEE2 /* Extensions.swift */; };
		4E9AD5782A8569E400647011 /* ListView.swift in Sources */ = {isa = PBXBuildFile; fileRef = 4E9AD5772A8569E400647011 /* ListView.swift */; };
		4EA642272A5775DA00431A01 /* Launch Screen.storyboard in Resources */ = {isa = PBXBuildFile; fileRef = 4EA642262A5775DA00431A01 /* Launch Screen.storyboard */; };
		4EFEE1762A7928410072C018 /* FeaturesBoardView.swift in Sources */ = {isa = PBXBuildFile; fileRef = 4EFEE1752A7928410072C018 /* FeaturesBoardView.swift */; };
/* End PBXBuildFile section */

/* Begin PBXContainerItemProxy section */
		4E2CB1C02ABF29DF00C66700 /* PBXContainerItemProxy */ = {
			isa = PBXContainerItemProxy;
			containerPortal = 4E25487F2A17AEC3008F7E9B /* Project object */;
			proxyType = 1;
			remoteGlobalIDString = 4E2CB1B12ABF29DE00C66700;
			remoteInfo = TooDoWidgetsExtension;
		};
/* End PBXContainerItemProxy section */

/* Begin PBXCopyFilesBuildPhase section */
		4E2CB1C62ABF29DF00C66700 /* Embed Foundation Extensions */ = {
			isa = PBXCopyFilesBuildPhase;
			buildActionMask = 2147483647;
			dstPath = "";
			dstSubfolderSpec = 13;
			files = (
				4E2CB1C22ABF29DF00C66700 /* TooDoWidgetsExtension.appex in Embed Foundation Extensions */,
			);
			name = "Embed Foundation Extensions";
			runOnlyForDeploymentPostprocessing = 0;
		};
/* End PBXCopyFilesBuildPhase section */

/* Begin PBXFileReference section */
		4E0B841E2A55ED68000B8A06 /* NotificationHandler.swift */ = {isa = PBXFileReference; lastKnownFileType = sourcecode.swift; path = NotificationHandler.swift; sourceTree = "<group>"; };
		4E2323B72A1EC02C009B1833 /* SwiftUI.framework */ = {isa = PBXFileReference; lastKnownFileType = wrapper.framework; name = SwiftUI.framework; path = System/Library/Frameworks/SwiftUI.framework; sourceTree = SDKROOT; };
		4E2548872A17AEC3008F7E9B /* TodoList.app */ = {isa = PBXFileReference; explicitFileType = wrapper.application; includeInIndex = 0; path = TodoList.app; sourceTree = BUILT_PRODUCTS_DIR; };
		4E25488A2A17AEC3008F7E9B /* TodoListApp.swift */ = {isa = PBXFileReference; lastKnownFileType = sourcecode.swift; path = TodoListApp.swift; sourceTree = "<group>"; };
		4E25488C2A17AEC3008F7E9B /* MainView.swift */ = {isa = PBXFileReference; lastKnownFileType = sourcecode.swift; path = MainView.swift; sourceTree = "<group>"; };
		4E25488E2A17AEC4008F7E9B /* Assets.xcassets */ = {isa = PBXFileReference; lastKnownFileType = folder.assetcatalog; path = Assets.xcassets; sourceTree = "<group>"; };
		4E2548912A17AEC4008F7E9B /* Preview Assets.xcassets */ = {isa = PBXFileReference; lastKnownFileType = folder.assetcatalog; path = "Preview Assets.xcassets"; sourceTree = "<group>"; };
		4E2548982A17B145008F7E9B /* GoogleService-Info.plist */ = {isa = PBXFileReference; fileEncoding = 4; lastKnownFileType = text.plist.xml; path = "GoogleService-Info.plist"; sourceTree = "<group>"; };
		4E2548A52A17B73C008F7E9B /* ProfileView.swift */ = {isa = PBXFileReference; lastKnownFileType = sourcecode.swift; path = ProfileView.swift; sourceTree = "<group>"; };
		4E2548A72A17B764008F7E9B /* ToDoListView.swift */ = {isa = PBXFileReference; lastKnownFileType = sourcecode.swift; path = ToDoListView.swift; sourceTree = "<group>"; };
		4E2548A92A17B8A9008F7E9B /* NewItemView.swift */ = {isa = PBXFileReference; lastKnownFileType = sourcecode.swift; path = NewItemView.swift; sourceTree = "<group>"; };
		4E2548AB2A17B8B6008F7E9B /* LoginView.swift */ = {isa = PBXFileReference; lastKnownFileType = sourcecode.swift; path = LoginView.swift; sourceTree = "<group>"; };
		4E2548AD2A17B8CC008F7E9B /* RegisterView.swift */ = {isa = PBXFileReference; lastKnownFileType = sourcecode.swift; path = RegisterView.swift; sourceTree = "<group>"; };
		4E2548AF2A17B909008F7E9B /* ToDoListItemView.swift */ = {isa = PBXFileReference; lastKnownFileType = sourcecode.swift; path = ToDoListItemView.swift; sourceTree = "<group>"; };
		4E2548B12A17B954008F7E9B /* User.swift */ = {isa = PBXFileReference; lastKnownFileType = sourcecode.swift; path = User.swift; sourceTree = "<group>"; };
		4E2548B32A17B960008F7E9B /* ToDoListItem.swift */ = {isa = PBXFileReference; lastKnownFileType = sourcecode.swift; path = ToDoListItem.swift; sourceTree = "<group>"; };
		4E2548B52A17BA74008F7E9B /* MainViewViewModel.swift */ = {isa = PBXFileReference; lastKnownFileType = sourcecode.swift; path = MainViewViewModel.swift; sourceTree = "<group>"; };
		4E2548B72A17BA8E008F7E9B /* ProfileViewViewModel.swift */ = {isa = PBXFileReference; lastKnownFileType = sourcecode.swift; path = ProfileViewViewModel.swift; sourceTree = "<group>"; };
		4E2548B92A17BAB0008F7E9B /* ToDoListViewViewModel.swift */ = {isa = PBXFileReference; lastKnownFileType = sourcecode.swift; path = ToDoListViewViewModel.swift; sourceTree = "<group>"; };
		4E2548BB2A17BACA008F7E9B /* NewItemViewViewModel.swift */ = {isa = PBXFileReference; lastKnownFileType = sourcecode.swift; path = NewItemViewViewModel.swift; sourceTree = "<group>"; };
		4E2548BD2A17BADC008F7E9B /* LoginViewViewModel.swift */ = {isa = PBXFileReference; lastKnownFileType = sourcecode.swift; path = LoginViewViewModel.swift; sourceTree = "<group>"; };
		4E2548BF2A17BAEA008F7E9B /* RegisterViewViewModel.swift */ = {isa = PBXFileReference; lastKnownFileType = sourcecode.swift; path = RegisterViewViewModel.swift; sourceTree = "<group>"; };
		4E2548C12A17BB0C008F7E9B /* ToDoListItemViewViewModel.swift */ = {isa = PBXFileReference; lastKnownFileType = sourcecode.swift; path = ToDoListItemViewViewModel.swift; sourceTree = "<group>"; };
		4E2CB1B22ABF29DE00C66700 /* TooDoWidgetsExtension.appex */ = {isa = PBXFileReference; explicitFileType = "wrapper.app-extension"; includeInIndex = 0; path = TooDoWidgetsExtension.appex; sourceTree = BUILT_PRODUCTS_DIR; };
		4E2CB1B32ABF29DE00C66700 /* WidgetKit.framework */ = {isa = PBXFileReference; lastKnownFileType = wrapper.framework; name = WidgetKit.framework; path = System/Library/Frameworks/WidgetKit.framework; sourceTree = SDKROOT; };
		4E2CB1B72ABF29DE00C66700 /* TooDoWidgetsBundle.swift */ = {isa = PBXFileReference; lastKnownFileType = sourcecode.swift; path = TooDoWidgetsBundle.swift; sourceTree = "<group>"; };
		4E2CB1B92ABF29DE00C66700 /* TooDoWidgetsLiveActivity.swift */ = {isa = PBXFileReference; lastKnownFileType = sourcecode.swift; path = TooDoWidgetsLiveActivity.swift; sourceTree = "<group>"; };
		4E2CB1BB2ABF29DE00C66700 /* TooDoWidgets.swift */ = {isa = PBXFileReference; lastKnownFileType = sourcecode.swift; path = TooDoWidgets.swift; sourceTree = "<group>"; };
		4E2CB1BD2ABF29DF00C66700 /* Assets.xcassets */ = {isa = PBXFileReference; lastKnownFileType = folder.assetcatalog; path = Assets.xcassets; sourceTree = "<group>"; };
		4E2CB1BF2ABF29DF00C66700 /* Info.plist */ = {isa = PBXFileReference; lastKnownFileType = text.plist.xml; path = Info.plist; sourceTree = "<group>"; };
		4E2CB1C92ABF2CFE00C66700 /* TimerViewModel.swift */ = {isa = PBXFileReference; lastKnownFileType = sourcecode.swift; path = TimerViewModel.swift; sourceTree = "<group>"; };
		4E2ED9FD2AB0EDEA0076B174 /* TimerView.swift */ = {isa = PBXFileReference; lastKnownFileType = sourcecode.swift; path = TimerView.swift; sourceTree = "<group>"; };
		4E31CC242A5CA9A00071DB15 /* TermsView.swift */ = {isa = PBXFileReference; lastKnownFileType = sourcecode.swift; path = TermsView.swift; sourceTree = "<group>"; };
		4E362E402A182E320018FEE2 /* Extensions.swift */ = {isa = PBXFileReference; lastKnownFileType = sourcecode.swift; path = Extensions.swift; sourceTree = "<group>"; };
		4E8CF0422A44D6000007CE58 /* Info.plist */ = {isa = PBXFileReference; lastKnownFileType = text.plist.xml; path = Info.plist; sourceTree = "<group>"; };
		4E9AD5772A8569E400647011 /* ListView.swift */ = {isa = PBXFileReference; lastKnownFileType = sourcecode.swift; path = ListView.swift; sourceTree = "<group>"; };
		4EA642262A5775DA00431A01 /* Launch Screen.storyboard */ = {isa = PBXFileReference; lastKnownFileType = file.storyboard; path = "Launch Screen.storyboard"; sourceTree = "<group>"; };
		4EFEE1752A7928410072C018 /* FeaturesBoardView.swift */ = {isa = PBXFileReference; lastKnownFileType = sourcecode.swift; path = FeaturesBoardView.swift; sourceTree = "<group>"; };
/* End PBXFileReference section */

/* Begin PBXFrameworksBuildPhase section */
		4E2548842A17AEC3008F7E9B /* Frameworks */ = {
			isa = PBXFrameworksBuildPhase;
			buildActionMask = 2147483647;
			files = (
				4E25489C2A17B30B008F7E9B /* FirebaseAuth in Frameworks */,
				4E25489E2A17B30B008F7E9B /* FirebaseFirestore in Frameworks */,
				4E2548A02A17B30B008F7E9B /* FirebaseFirestoreSwift in Frameworks */,
			);
			runOnlyForDeploymentPostprocessing = 0;
		};
		4E2CB1AF2ABF29DE00C66700 /* Frameworks */ = {
			isa = PBXFrameworksBuildPhase;
			buildActionMask = 2147483647;
			files = (
				4E2CB1B52ABF29DE00C66700 /* SwiftUI.framework in Frameworks */,
				4E2CB1B42ABF29DE00C66700 /* WidgetKit.framework in Frameworks */,
			);
			runOnlyForDeploymentPostprocessing = 0;
		};
/* End PBXFrameworksBuildPhase section */

/* Begin PBXGroup section */
		4E0B841D2A55ED4D000B8A06 /* Handlers */ = {
			isa = PBXGroup;
			children = (
				4E0B841E2A55ED68000B8A06 /* NotificationHandler.swift */,
			);
			path = Handlers;
			sourceTree = "<group>";
		};
		4E1B9D9D2AA4AC660006ECBB /* Todo List */ = {
			isa = PBXGroup;
			children = (
				4E2548A72A17B764008F7E9B /* ToDoListView.swift */,
				4E9AD5772A8569E400647011 /* ListView.swift */,
				4E2548AF2A17B909008F7E9B /* ToDoListItemView.swift */,
				4E2548A92A17B8A9008F7E9B /* NewItemView.swift */,
			);
			path = "Todo List";
			sourceTree = "<group>";
		};
		4E2323B42A1EC02C009B1833 /* Frameworks */ = {
			isa = PBXGroup;
			children = (
				4E2323B72A1EC02C009B1833 /* SwiftUI.framework */,
				4E2CB1B32ABF29DE00C66700 /* WidgetKit.framework */,
			);
			name = Frameworks;
			sourceTree = "<group>";
		};
		4E25487E2A17AEC3008F7E9B = {
			isa = PBXGroup;
			children = (
				4E2548892A17AEC3008F7E9B /* TodoList */,
				4E2CB1B62ABF29DE00C66700 /* TooDoWidgets */,
				4E2323B42A1EC02C009B1833 /* Frameworks */,
				4E2548882A17AEC3008F7E9B /* Products */,
			);
			sourceTree = "<group>";
		};
		4E2548882A17AEC3008F7E9B /* Products */ = {
			isa = PBXGroup;
			children = (
				4E2548872A17AEC3008F7E9B /* TodoList.app */,
				4E2CB1B22ABF29DE00C66700 /* TooDoWidgetsExtension.appex */,
			);
			name = Products;
			sourceTree = "<group>";
		};
		4E2548892A17AEC3008F7E9B /* TodoList */ = {
			isa = PBXGroup;
			children = (
				4E2548A42A17B670008F7E9B /* Other */,
				4E2548A32A17B65A008F7E9B /* Models */,
				4E2548A22A17B640008F7E9B /* ViewModels */,
				4E2548A12A17B632008F7E9B /* Views */,
				4E0B841D2A55ED4D000B8A06 /* Handlers */,
				4E2548902A17AEC4008F7E9B /* Preview Content */,
				4E8CF0422A44D6000007CE58 /* Info.plist */,
			);
			path = TodoList;
			sourceTree = "<group>";
		};
		4E2548902A17AEC4008F7E9B /* Preview Content */ = {
			isa = PBXGroup;
			children = (
				4E2548912A17AEC4008F7E9B /* Preview Assets.xcassets */,
			);
			path = "Preview Content";
			sourceTree = "<group>";
		};
		4E2548A12A17B632008F7E9B /* Views */ = {
			isa = PBXGroup;
			children = (
				4E1B9D9D2AA4AC660006ECBB /* Todo List */,
				4E25488C2A17AEC3008F7E9B /* MainView.swift */,
				4E2548A52A17B73C008F7E9B /* ProfileView.swift */,
				4E2548AB2A17B8B6008F7E9B /* LoginView.swift */,
				4E2548AD2A17B8CC008F7E9B /* RegisterView.swift */,
				4E31CC242A5CA9A00071DB15 /* TermsView.swift */,
				4EFEE1752A7928410072C018 /* FeaturesBoardView.swift */,
				4E2ED9FD2AB0EDEA0076B174 /* TimerView.swift */,
			);
			path = Views;
			sourceTree = "<group>";
		};
		4E2548A22A17B640008F7E9B /* ViewModels */ = {
			isa = PBXGroup;
			children = (
				4E2548B52A17BA74008F7E9B /* MainViewViewModel.swift */,
				4E2548B72A17BA8E008F7E9B /* ProfileViewViewModel.swift */,
				4E2548C12A17BB0C008F7E9B /* ToDoListItemViewViewModel.swift */,
				4E2548B92A17BAB0008F7E9B /* ToDoListViewViewModel.swift */,
				4E2548BB2A17BACA008F7E9B /* NewItemViewViewModel.swift */,
				4E2548BD2A17BADC008F7E9B /* LoginViewViewModel.swift */,
				4E2548BF2A17BAEA008F7E9B /* RegisterViewViewModel.swift */,
				4E2CB1C92ABF2CFE00C66700 /* TimerViewModel.swift */,
			);
			path = ViewModels;
			sourceTree = "<group>";
		};
		4E2548A32A17B65A008F7E9B /* Models */ = {
			isa = PBXGroup;
			children = (
				4E2548B12A17B954008F7E9B /* User.swift */,
				4E2548B32A17B960008F7E9B /* ToDoListItem.swift */,
			);
			path = Models;
			sourceTree = "<group>";
		};
		4E2548A42A17B670008F7E9B /* Other */ = {
			isa = PBXGroup;
			children = (
				4E25488E2A17AEC4008F7E9B /* Assets.xcassets */,
				4E2548982A17B145008F7E9B /* GoogleService-Info.plist */,
				4E25488A2A17AEC3008F7E9B /* TodoListApp.swift */,
				4E362E402A182E320018FEE2 /* Extensions.swift */,
				4EA642262A5775DA00431A01 /* Launch Screen.storyboard */,
			);
			path = Other;
			sourceTree = "<group>";
		};
		4E2CB1B62ABF29DE00C66700 /* TooDoWidgets */ = {
			isa = PBXGroup;
			children = (
				4E2CB1B72ABF29DE00C66700 /* TooDoWidgetsBundle.swift */,
				4E2CB1B92ABF29DE00C66700 /* TooDoWidgetsLiveActivity.swift */,
				4E2CB1BB2ABF29DE00C66700 /* TooDoWidgets.swift */,
				4E2CB1BD2ABF29DF00C66700 /* Assets.xcassets */,
				4E2CB1BF2ABF29DF00C66700 /* Info.plist */,
			);
			path = TooDoWidgets;
			sourceTree = "<group>";
		};
/* End PBXGroup section */

/* Begin PBXNativeTarget section */
		4E2548862A17AEC3008F7E9B /* TodoList */ = {
			isa = PBXNativeTarget;
			buildConfigurationList = 4E2548952A17AEC4008F7E9B /* Build configuration list for PBXNativeTarget "TodoList" */;
			buildPhases = (
				4E2548832A17AEC3008F7E9B /* Sources */,
				4E2548842A17AEC3008F7E9B /* Frameworks */,
				4E2548852A17AEC3008F7E9B /* Resources */,
				4E2CB1C62ABF29DF00C66700 /* Embed Foundation Extensions */,
			);
			buildRules = (
			);
			dependencies = (
				4E2CB1C12ABF29DF00C66700 /* PBXTargetDependency */,
			);
			name = TodoList;
			packageProductDependencies = (
				4E25489B2A17B30B008F7E9B /* FirebaseAuth */,
				4E25489D2A17B30B008F7E9B /* FirebaseFirestore */,
				4E25489F2A17B30B008F7E9B /* FirebaseFirestoreSwift */,
			);
			productName = TodoList;
			productReference = 4E2548872A17AEC3008F7E9B /* TodoList.app */;
			productType = "com.apple.product-type.application";
		};
		4E2CB1B12ABF29DE00C66700 /* TooDoWidgetsExtension */ = {
			isa = PBXNativeTarget;
			buildConfigurationList = 4E2CB1C32ABF29DF00C66700 /* Build configuration list for PBXNativeTarget "TooDoWidgetsExtension" */;
			buildPhases = (
				4E2CB1AE2ABF29DE00C66700 /* Sources */,
				4E2CB1AF2ABF29DE00C66700 /* Frameworks */,
				4E2CB1B02ABF29DE00C66700 /* Resources */,
			);
			buildRules = (
			);
			dependencies = (
			);
			name = TooDoWidgetsExtension;
			productName = TooDoWidgetsExtension;
			productReference = 4E2CB1B22ABF29DE00C66700 /* TooDoWidgetsExtension.appex */;
			productType = "com.apple.product-type.app-extension";
		};
/* End PBXNativeTarget section */

/* Begin PBXProject section */
		4E25487F2A17AEC3008F7E9B /* Project object */ = {
			isa = PBXProject;
			attributes = {
				BuildIndependentTargetsInParallel = 1;
				LastSwiftUpdateCheck = 1500;
				LastUpgradeCheck = 1500;
				TargetAttributes = {
					4E2548862A17AEC3008F7E9B = {
						CreatedOnToolsVersion = 14.3;
					};
					4E2CB1B12ABF29DE00C66700 = {
						CreatedOnToolsVersion = 15.0;
					};
				};
			};
			buildConfigurationList = 4E2548822A17AEC3008F7E9B /* Build configuration list for PBXProject "TodoList" */;
			compatibilityVersion = "Xcode 14.0";
			developmentRegion = "pt-BR";
			hasScannedForEncodings = 0;
			knownRegions = (
				en,
				Base,
				"pt-BR",
			);
			mainGroup = 4E25487E2A17AEC3008F7E9B;
			packageReferences = (
				4E25489A2A17B30B008F7E9B /* XCRemoteSwiftPackageReference "firebase-ios-sdk" */,
			);
			productRefGroup = 4E2548882A17AEC3008F7E9B /* Products */;
			projectDirPath = "";
			projectRoot = "";
			targets = (
				4E2548862A17AEC3008F7E9B /* TodoList */,
				4E2CB1B12ABF29DE00C66700 /* TooDoWidgetsExtension */,
			);
		};
/* End PBXProject section */

/* Begin PBXResourcesBuildPhase section */
		4E2548852A17AEC3008F7E9B /* Resources */ = {
			isa = PBXResourcesBuildPhase;
			buildActionMask = 2147483647;
			files = (
				4E2548922A17AEC4008F7E9B /* Preview Assets.xcassets in Resources */,
				4E25488F2A17AEC4008F7E9B /* Assets.xcassets in Resources */,
				4EA642272A5775DA00431A01 /* Launch Screen.storyboard in Resources */,
				4E2548992A17B145008F7E9B /* GoogleService-Info.plist in Resources */,
			);
			runOnlyForDeploymentPostprocessing = 0;
		};
		4E2CB1B02ABF29DE00C66700 /* Resources */ = {
			isa = PBXResourcesBuildPhase;
			buildActionMask = 2147483647;
			files = (
				4E2CB1BE2ABF29DF00C66700 /* Assets.xcassets in Resources */,
			);
			runOnlyForDeploymentPostprocessing = 0;
		};
/* End PBXResourcesBuildPhase section */

/* Begin PBXSourcesBuildPhase section */
		4E2548832A17AEC3008F7E9B /* Sources */ = {
			isa = PBXSourcesBuildPhase;
			buildActionMask = 2147483647;
			files = (
				4E2548AC2A17B8B6008F7E9B /* LoginView.swift in Sources */,
				4E25488D2A17AEC3008F7E9B /* MainView.swift in Sources */,
				4EFEE1762A7928410072C018 /* FeaturesBoardView.swift in Sources */,
				4E2CB1CB2ABF2DA700C66700 /* TooDoWidgetsLiveActivity.swift in Sources */,
				4E2548C02A17BAEA008F7E9B /* RegisterViewViewModel.swift in Sources */,
				4E2CB1CA2ABF2CFE00C66700 /* TimerViewModel.swift in Sources */,
				4E0B841F2A55ED68000B8A06 /* NotificationHandler.swift in Sources */,
				4E2548B62A17BA74008F7E9B /* MainViewViewModel.swift in Sources */,
				4E2548A82A17B764008F7E9B /* ToDoListView.swift in Sources */,
				4E9AD5782A8569E400647011 /* ListView.swift in Sources */,
				4E2548AE2A17B8CC008F7E9B /* RegisterView.swift in Sources */,
				4E2548B82A17BA8E008F7E9B /* ProfileViewViewModel.swift in Sources */,
				4E2548A62A17B73C008F7E9B /* ProfileView.swift in Sources */,
				4E2ED9FE2AB0EDEA0076B174 /* TimerView.swift in Sources */,
				4E2548B22A17B954008F7E9B /* User.swift in Sources */,
				4E2548B02A17B909008F7E9B /* ToDoListItemView.swift in Sources */,
				4E2548BA2A17BAB0008F7E9B /* ToDoListViewViewModel.swift in Sources */,
				4E31CC252A5CA9A00071DB15 /* TermsView.swift in Sources */,
				4E2548BE2A17BADC008F7E9B /* LoginViewViewModel.swift in Sources */,
				4E25488B2A17AEC3008F7E9B /* TodoListApp.swift in Sources */,
				4E362E412A182E320018FEE2 /* Extensions.swift in Sources */,
				4E2548B42A17B960008F7E9B /* ToDoListItem.swift in Sources */,
				4E2548AA2A17B8A9008F7E9B /* NewItemView.swift in Sources */,
				4E2548BC2A17BACA008F7E9B /* NewItemViewViewModel.swift in Sources */,
				4E2548C22A17BB0C008F7E9B /* ToDoListItemViewViewModel.swift in Sources */,
			);
			runOnlyForDeploymentPostprocessing = 0;
		};
		4E2CB1AE2ABF29DE00C66700 /* Sources */ = {
			isa = PBXSourcesBuildPhase;
			buildActionMask = 2147483647;
			files = (
				4E2CB1BA2ABF29DE00C66700 /* TooDoWidgetsLiveActivity.swift in Sources */,
				4E2CB1BC2ABF29DE00C66700 /* TooDoWidgets.swift in Sources */,
				4E2CB1B82ABF29DE00C66700 /* TooDoWidgetsBundle.swift in Sources */,
			);
			runOnlyForDeploymentPostprocessing = 0;
		};
/* End PBXSourcesBuildPhase section */

/* Begin PBXTargetDependency section */
		4E2CB1C12ABF29DF00C66700 /* PBXTargetDependency */ = {
			isa = PBXTargetDependency;
			target = 4E2CB1B12ABF29DE00C66700 /* TooDoWidgetsExtension */;
			targetProxy = 4E2CB1C02ABF29DF00C66700 /* PBXContainerItemProxy */;
		};
/* End PBXTargetDependency section */

/* Begin XCBuildConfiguration section */
		4E2548932A17AEC4008F7E9B /* Debug */ = {
			isa = XCBuildConfiguration;
			buildSettings = {
				ALWAYS_SEARCH_USER_PATHS = NO;
				CLANG_ANALYZER_LOCALIZABILITY_NONLOCALIZED = YES;
				CLANG_ANALYZER_NONNULL = YES;
				CLANG_ANALYZER_NUMBER_OBJECT_CONVERSION = YES_AGGRESSIVE;
				CLANG_CXX_LANGUAGE_STANDARD = "gnu++20";
				CLANG_ENABLE_MODULES = YES;
				CLANG_ENABLE_OBJC_ARC = YES;
				CLANG_ENABLE_OBJC_WEAK = YES;
				CLANG_WARN_BLOCK_CAPTURE_AUTORELEASING = YES;
				CLANG_WARN_BOOL_CONVERSION = YES;
				CLANG_WARN_COMMA = YES;
				CLANG_WARN_CONSTANT_CONVERSION = YES;
				CLANG_WARN_DEPRECATED_OBJC_IMPLEMENTATIONS = YES;
				CLANG_WARN_DIRECT_OBJC_ISA_USAGE = YES_ERROR;
				CLANG_WARN_DOCUMENTATION_COMMENTS = YES;
				CLANG_WARN_EMPTY_BODY = YES;
				CLANG_WARN_ENUM_CONVERSION = YES;
				CLANG_WARN_INFINITE_RECURSION = YES;
				CLANG_WARN_INT_CONVERSION = YES;
				CLANG_WARN_NON_LITERAL_NULL_CONVERSION = YES;
				CLANG_WARN_OBJC_IMPLICIT_RETAIN_SELF = YES;
				CLANG_WARN_OBJC_LITERAL_CONVERSION = YES;
				CLANG_WARN_OBJC_ROOT_CLASS = YES_ERROR;
				CLANG_WARN_QUOTED_INCLUDE_IN_FRAMEWORK_HEADER = YES;
				CLANG_WARN_RANGE_LOOP_ANALYSIS = YES;
				CLANG_WARN_STRICT_PROTOTYPES = YES;
				CLANG_WARN_SUSPICIOUS_MOVE = YES;
				CLANG_WARN_UNGUARDED_AVAILABILITY = YES_AGGRESSIVE;
				CLANG_WARN_UNREACHABLE_CODE = YES;
				CLANG_WARN__DUPLICATE_METHOD_MATCH = YES;
				COPY_PHASE_STRIP = NO;
				DEBUG_INFORMATION_FORMAT = dwarf;
				ENABLE_STRICT_OBJC_MSGSEND = YES;
				ENABLE_TESTABILITY = YES;
				ENABLE_USER_SCRIPT_SANDBOXING = YES;
				GCC_C_LANGUAGE_STANDARD = gnu11;
				GCC_DYNAMIC_NO_PIC = NO;
				GCC_NO_COMMON_BLOCKS = YES;
				GCC_OPTIMIZATION_LEVEL = 0;
				GCC_PREPROCESSOR_DEFINITIONS = (
					"DEBUG=1",
					"$(inherited)",
				);
				GCC_WARN_64_TO_32_BIT_CONVERSION = YES;
				GCC_WARN_ABOUT_RETURN_TYPE = YES_ERROR;
				GCC_WARN_UNDECLARED_SELECTOR = YES;
				GCC_WARN_UNINITIALIZED_AUTOS = YES_AGGRESSIVE;
				GCC_WARN_UNUSED_FUNCTION = YES;
				GCC_WARN_UNUSED_VARIABLE = YES;
				IPHONEOS_DEPLOYMENT_TARGET = 16.1;
				MTL_ENABLE_DEBUG_INFO = INCLUDE_SOURCE;
				MTL_FAST_MATH = YES;
				ONLY_ACTIVE_ARCH = YES;
				SDKROOT = iphoneos;
				SWIFT_ACTIVE_COMPILATION_CONDITIONS = DEBUG;
				SWIFT_OPTIMIZATION_LEVEL = "-Onone";
			};
			name = Debug;
		};
		4E2548942A17AEC4008F7E9B /* Release */ = {
			isa = XCBuildConfiguration;
			buildSettings = {
				ALWAYS_SEARCH_USER_PATHS = NO;
				CLANG_ANALYZER_LOCALIZABILITY_NONLOCALIZED = YES;
				CLANG_ANALYZER_NONNULL = YES;
				CLANG_ANALYZER_NUMBER_OBJECT_CONVERSION = YES_AGGRESSIVE;
				CLANG_CXX_LANGUAGE_STANDARD = "gnu++20";
				CLANG_ENABLE_MODULES = YES;
				CLANG_ENABLE_OBJC_ARC = YES;
				CLANG_ENABLE_OBJC_WEAK = YES;
				CLANG_WARN_BLOCK_CAPTURE_AUTORELEASING = YES;
				CLANG_WARN_BOOL_CONVERSION = YES;
				CLANG_WARN_COMMA = YES;
				CLANG_WARN_CONSTANT_CONVERSION = YES;
				CLANG_WARN_DEPRECATED_OBJC_IMPLEMENTATIONS = YES;
				CLANG_WARN_DIRECT_OBJC_ISA_USAGE = YES_ERROR;
				CLANG_WARN_DOCUMENTATION_COMMENTS = YES;
				CLANG_WARN_EMPTY_BODY = YES;
				CLANG_WARN_ENUM_CONVERSION = YES;
				CLANG_WARN_INFINITE_RECURSION = YES;
				CLANG_WARN_INT_CONVERSION = YES;
				CLANG_WARN_NON_LITERAL_NULL_CONVERSION = YES;
				CLANG_WARN_OBJC_IMPLICIT_RETAIN_SELF = YES;
				CLANG_WARN_OBJC_LITERAL_CONVERSION = YES;
				CLANG_WARN_OBJC_ROOT_CLASS = YES_ERROR;
				CLANG_WARN_QUOTED_INCLUDE_IN_FRAMEWORK_HEADER = YES;
				CLANG_WARN_RANGE_LOOP_ANALYSIS = YES;
				CLANG_WARN_STRICT_PROTOTYPES = YES;
				CLANG_WARN_SUSPICIOUS_MOVE = YES;
				CLANG_WARN_UNGUARDED_AVAILABILITY = YES_AGGRESSIVE;
				CLANG_WARN_UNREACHABLE_CODE = YES;
				CLANG_WARN__DUPLICATE_METHOD_MATCH = YES;
				COPY_PHASE_STRIP = NO;
				DEBUG_INFORMATION_FORMAT = "dwarf-with-dsym";
				ENABLE_NS_ASSERTIONS = NO;
				ENABLE_STRICT_OBJC_MSGSEND = YES;
				ENABLE_USER_SCRIPT_SANDBOXING = YES;
				GCC_C_LANGUAGE_STANDARD = gnu11;
				GCC_NO_COMMON_BLOCKS = YES;
				GCC_WARN_64_TO_32_BIT_CONVERSION = YES;
				GCC_WARN_ABOUT_RETURN_TYPE = YES_ERROR;
				GCC_WARN_UNDECLARED_SELECTOR = YES;
				GCC_WARN_UNINITIALIZED_AUTOS = YES_AGGRESSIVE;
				GCC_WARN_UNUSED_FUNCTION = YES;
				GCC_WARN_UNUSED_VARIABLE = YES;
				IPHONEOS_DEPLOYMENT_TARGET = 16.1;
				MTL_ENABLE_DEBUG_INFO = NO;
				MTL_FAST_MATH = YES;
				SDKROOT = iphoneos;
				SWIFT_COMPILATION_MODE = wholemodule;
				SWIFT_OPTIMIZATION_LEVEL = "-O";
				VALIDATE_PRODUCT = YES;
			};
			name = Release;
		};
		4E2548962A17AEC4008F7E9B /* Debug */ = {
			isa = XCBuildConfiguration;
			buildSettings = {
				ALWAYS_EMBED_SWIFT_STANDARD_LIBRARIES = YES;
				ASSETCATALOG_COMPILER_APPICON_NAME = AppIcon;
				ASSETCATALOG_COMPILER_GLOBAL_ACCENT_COLOR_NAME = AccentColor;
				CODE_SIGN_IDENTITY = "Apple Development";
				CODE_SIGN_STYLE = Automatic;
				CURRENT_PROJECT_VERSION = 1;
				DEVELOPMENT_ASSET_PATHS = "\"TodoList/Preview Content\"";
				DEVELOPMENT_TEAM = HXDK8H2H24;
				ENABLE_PREVIEWS = YES;
				GENERATE_INFOPLIST_FILE = YES;
				INFOPLIST_FILE = TodoList/Info.plist;
				INFOPLIST_KEY_CFBundleDisplayName = TooDo;
				INFOPLIST_KEY_LSApplicationCategoryType = "public.app-category.utilities";
				INFOPLIST_KEY_NSFaceIDUsageDescription = "Usamos seu rosto para liberar o acesso toda vez que fizer login";
				INFOPLIST_KEY_NSSupportsLiveActivities = YES;
				INFOPLIST_KEY_UIApplicationSceneManifest_Generation = YES;
				INFOPLIST_KEY_UIApplicationSupportsIndirectInputEvents = YES;
				INFOPLIST_KEY_UILaunchScreen_Generation = YES;
				INFOPLIST_KEY_UILaunchStoryboardName = "Launch Screen.storyboard";
				INFOPLIST_KEY_UISupportedInterfaceOrientations = "UIInterfaceOrientationPortrait UIInterfaceOrientationPortraitUpsideDown";
				INFOPLIST_KEY_UISupportedInterfaceOrientations_iPad = "UIInterfaceOrientationLandscapeLeft UIInterfaceOrientationLandscapeRight UIInterfaceOrientationPortrait UIInterfaceOrientationPortraitUpsideDown";
				IPHONEOS_DEPLOYMENT_TARGET = 16.1;
				LD_RUNPATH_SEARCH_PATHS = (
					"$(inherited)",
					"@executable_path/Frameworks",
				);
				MARKETING_VERSION = 1.0;
				PRODUCT_BUNDLE_IDENTIFIER = com.augusto.TodoList;
				PRODUCT_NAME = "$(TARGET_NAME)";
				PROVISIONING_PROFILE_SPECIFIER = "";
				SUPPORTED_PLATFORMS = "iphoneos iphonesimulator";
				SUPPORTS_MACCATALYST = NO;
				SUPPORTS_MAC_DESIGNED_FOR_IPHONE_IPAD = NO;
				SWIFT_EMIT_LOC_STRINGS = YES;
				SWIFT_VERSION = 5.0;
				TARGETED_DEVICE_FAMILY = "1,2";
			};
			name = Debug;
		};
		4E2548972A17AEC4008F7E9B /* Release */ = {
			isa = XCBuildConfiguration;
			buildSettings = {
				ALWAYS_EMBED_SWIFT_STANDARD_LIBRARIES = YES;
				ASSETCATALOG_COMPILER_APPICON_NAME = AppIcon;
				ASSETCATALOG_COMPILER_GLOBAL_ACCENT_COLOR_NAME = AccentColor;
				CODE_SIGN_IDENTITY = "Apple Development";
				CODE_SIGN_STYLE = Automatic;
				CURRENT_PROJECT_VERSION = 1;
				DEVELOPMENT_ASSET_PATHS = "\"TodoList/Preview Content\"";
				DEVELOPMENT_TEAM = HXDK8H2H24;
				ENABLE_PREVIEWS = YES;
				GENERATE_INFOPLIST_FILE = YES;
				INFOPLIST_FILE = TodoList/Info.plist;
				INFOPLIST_KEY_CFBundleDisplayName = TooDo;
				INFOPLIST_KEY_LSApplicationCategoryType = "public.app-category.utilities";
				INFOPLIST_KEY_NSFaceIDUsageDescription = "Usamos seu rosto para liberar o acesso toda vez que fizer login";
				INFOPLIST_KEY_NSSupportsLiveActivities = YES;
				INFOPLIST_KEY_UIApplicationSceneManifest_Generation = YES;
				INFOPLIST_KEY_UIApplicationSupportsIndirectInputEvents = YES;
				INFOPLIST_KEY_UILaunchScreen_Generation = YES;
				INFOPLIST_KEY_UILaunchStoryboardName = "Launch Screen.storyboard";
				INFOPLIST_KEY_UISupportedInterfaceOrientations = "UIInterfaceOrientationPortrait UIInterfaceOrientationPortraitUpsideDown";
				INFOPLIST_KEY_UISupportedInterfaceOrientations_iPad = "UIInterfaceOrientationLandscapeLeft UIInterfaceOrientationLandscapeRight UIInterfaceOrientationPortrait UIInterfaceOrientationPortraitUpsideDown";
				IPHONEOS_DEPLOYMENT_TARGET = 16.1;
				LD_RUNPATH_SEARCH_PATHS = (
					"$(inherited)",
					"@executable_path/Frameworks",
				);
				MARKETING_VERSION = 1.0;
				PRODUCT_BUNDLE_IDENTIFIER = com.augusto.TodoList;
				PRODUCT_NAME = "$(TARGET_NAME)";
				PROVISIONING_PROFILE_SPECIFIER = "";
				SUPPORTED_PLATFORMS = "iphoneos iphonesimulator";
				SUPPORTS_MACCATALYST = NO;
				SUPPORTS_MAC_DESIGNED_FOR_IPHONE_IPAD = NO;
				SWIFT_EMIT_LOC_STRINGS = YES;
				SWIFT_VERSION = 5.0;
				TARGETED_DEVICE_FAMILY = "1,2";
			};
			name = Release;
		};
		4E2CB1C42ABF29DF00C66700 /* Debug */ = {
			isa = XCBuildConfiguration;
			buildSettings = {
				ASSETCATALOG_COMPILER_GENERATE_SWIFT_ASSET_SYMBOL_EXTENSIONS = YES;
				ASSETCATALOG_COMPILER_GLOBAL_ACCENT_COLOR_NAME = AccentColor;
				ASSETCATALOG_COMPILER_WIDGET_BACKGROUND_COLOR_NAME = WidgetBackground;
				CODE_SIGN_IDENTITY = "Apple Development";
				CODE_SIGN_STYLE = Automatic;
				CURRENT_PROJECT_VERSION = 1;
				DEVELOPMENT_TEAM = HXDK8H2H24;
				GCC_C_LANGUAGE_STANDARD = gnu17;
				GENERATE_INFOPLIST_FILE = YES;
				INFOPLIST_FILE = TooDoWidgets/Info.plist;
				INFOPLIST_KEY_CFBundleDisplayName = TooDoWidgets;
				INFOPLIST_KEY_NSHumanReadableCopyright = "";
				IPHONEOS_DEPLOYMENT_TARGET = 16.1;
				LD_RUNPATH_SEARCH_PATHS = (
					"$(inherited)",
					"@executable_path/Frameworks",
					"@executable_path/../../Frameworks",
				);
				LOCALIZATION_PREFERS_STRING_CATALOGS = YES;
				MARKETING_VERSION = 1.0;
				PRODUCT_BUNDLE_IDENTIFIER = com.augusto.TodoList.TooDoListWidgets;
				PRODUCT_NAME = "$(TARGET_NAME)";
				PROVISIONING_PROFILE_SPECIFIER = "";
				SKIP_INSTALL = YES;
				SWIFT_ACTIVE_COMPILATION_CONDITIONS = "DEBUG $(inherited)";
				SWIFT_EMIT_LOC_STRINGS = YES;
				SWIFT_VERSION = 5.0;
				TARGETED_DEVICE_FAMILY = "1,2";
			};
			name = Debug;
		};
		4E2CB1C52ABF29DF00C66700 /* Release */ = {
			isa = XCBuildConfiguration;
			buildSettings = {
				ASSETCATALOG_COMPILER_GENERATE_SWIFT_ASSET_SYMBOL_EXTENSIONS = YES;
				ASSETCATALOG_COMPILER_GLOBAL_ACCENT_COLOR_NAME = AccentColor;
				ASSETCATALOG_COMPILER_WIDGET_BACKGROUND_COLOR_NAME = WidgetBackground;
				CODE_SIGN_IDENTITY = "Apple Development";
				CODE_SIGN_STYLE = Automatic;
				CURRENT_PROJECT_VERSION = 1;
				DEVELOPMENT_TEAM = HXDK8H2H24;
				GCC_C_LANGUAGE_STANDARD = gnu17;
				GENERATE_INFOPLIST_FILE = YES;
				INFOPLIST_FILE = TooDoWidgets/Info.plist;
				INFOPLIST_KEY_CFBundleDisplayName = TooDoWidgets;
				INFOPLIST_KEY_NSHumanReadableCopyright = "";
				IPHONEOS_DEPLOYMENT_TARGET = 16.1;
				LD_RUNPATH_SEARCH_PATHS = (
					"$(inherited)",
					"@executable_path/Frameworks",
					"@executable_path/../../Frameworks",
				);
				LOCALIZATION_PREFERS_STRING_CATALOGS = YES;
				MARKETING_VERSION = 1.0;
				PRODUCT_BUNDLE_IDENTIFIER = com.augusto.TodoList.TooDoListWidgets;
				PRODUCT_NAME = "$(TARGET_NAME)";
				PROVISIONING_PROFILE_SPECIFIER = "";
				SKIP_INSTALL = YES;
				SWIFT_EMIT_LOC_STRINGS = YES;
				SWIFT_VERSION = 5.0;
				TARGETED_DEVICE_FAMILY = "1,2";
			};
			name = Release;
		};
/* End XCBuildConfiguration section */

/* Begin XCConfigurationList section */
		4E2548822A17AEC3008F7E9B /* Build configuration list for PBXProject "TodoList" */ = {
			isa = XCConfigurationList;
			buildConfigurations = (
				4E2548932A17AEC4008F7E9B /* Debug */,
				4E2548942A17AEC4008F7E9B /* Release */,
			);
			defaultConfigurationIsVisible = 0;
			defaultConfigurationName = Release;
		};
		4E2548952A17AEC4008F7E9B /* Build configuration list for PBXNativeTarget "TodoList" */ = {
			isa = XCConfigurationList;
			buildConfigurations = (
				4E2548962A17AEC4008F7E9B /* Debug */,
				4E2548972A17AEC4008F7E9B /* Release */,
			);
			defaultConfigurationIsVisible = 0;
			defaultConfigurationName = Release;
		};
		4E2CB1C32ABF29DF00C66700 /* Build configuration list for PBXNativeTarget "TooDoWidgetsExtension" */ = {
			isa = XCConfigurationList;
			buildConfigurations = (
				4E2CB1C42ABF29DF00C66700 /* Debug */,
				4E2CB1C52ABF29DF00C66700 /* Release */,
			);
			defaultConfigurationIsVisible = 0;
			defaultConfigurationName = Release;
		};
/* End XCConfigurationList section */

/* Begin XCRemoteSwiftPackageReference section */
		4E25489A2A17B30B008F7E9B /* XCRemoteSwiftPackageReference "firebase-ios-sdk" */ = {
			isa = XCRemoteSwiftPackageReference;
			repositoryURL = "https://github.com/firebase/firebase-ios-sdk";
			requirement = {
				kind = upToNextMajorVersion;
				minimumVersion = 10.0.0;
			};
		};
/* End XCRemoteSwiftPackageReference section */

/* Begin XCSwiftPackageProductDependency section */
		4E25489B2A17B30B008F7E9B /* FirebaseAuth */ = {
			isa = XCSwiftPackageProductDependency;
			package = 4E25489A2A17B30B008F7E9B /* XCRemoteSwiftPackageReference "firebase-ios-sdk" */;
			productName = FirebaseAuth;
		};
		4E25489D2A17B30B008F7E9B /* FirebaseFirestore */ = {
			isa = XCSwiftPackageProductDependency;
			package = 4E25489A2A17B30B008F7E9B /* XCRemoteSwiftPackageReference "firebase-ios-sdk" */;
			productName = FirebaseFirestore;
		};
		4E25489F2A17B30B008F7E9B /* FirebaseFirestoreSwift */ = {
			isa = XCSwiftPackageProductDependency;
			package = 4E25489A2A17B30B008F7E9B /* XCRemoteSwiftPackageReference "firebase-ios-sdk" */;
			productName = FirebaseFirestoreSwift;
		};
/* End XCSwiftPackageProductDependency section */
	};
	rootObject = 4E25487F2A17AEC3008F7E9B /* Project object */;
}
